
Microsoft Visual Studio Solution File, Format Version 12.00
# Visual Studio Version 16
VisualStudioVersion = 16.0.30204.135
MinimumVisualStudioVersion = 10.0.40219.1
Project("{FAE04EC0-301F-11D3-BF4B-00C04F79EFBC}") = "LearnXamarin.Android", "LearnXamarin\LearnXamarin.Android\LearnXamarin.Android.csproj", "{C5F5DD5A-5177-4513-8357-031E59302398}"
EndProject
Project("{FAE04EC0-301F-11D3-BF4B-00C04F79EFBC}") = "LearnXamarin", "LearnXamarin\LearnXamarin\LearnXamarin.csproj", "{5E825DA9-22E2-42B6-A5D6-EF33425B16D0}"
EndProject
Global
	GlobalSection(SolutionConfigurationPlatforms) = preSolution
		Debug|Any CPU = Debug|Any CPU
		Release|Any CPU = Release|Any CPU
	EndGlobalSection
	GlobalSection(ProjectConfigurationPlatforms) = postSolution
		{C5F5DD5A-5177-4513-8357-031E59302398}.Debug|Any CPU.ActiveCfg = Debug|Any CPU
		{C5F5DD5A-5177-4513-8357-031E59302398}.Debug|Any CPU.Build.0 = Debug|Any CPU
		{C5F5DD5A-5177-4513-8357-031E59302398}.Debug|Any CPU.Deploy.0 = Debug|Any CPU
		{C5F5DD5A-5177-4513-8357-031E59302398}.Release|Any CPU.ActiveCfg = Release|Any CPU
		{C5F5DD5A-5177-4513-8357-031E59302398}.Release|Any CPU.Build.0 = Release|Any CPU
		{C5F5DD5A-5177-4513-8357-031E59302398}.Release|Any CPU.Deploy.0 = Release|Any CPU
		{5E825DA9-22E2-42B6-A5D6-EF33425B16D0}.Debug|Any CPU.ActiveCfg = Debug|Any CPU
		{5E825DA9-22E2-42B6-A5D6-EF33425B16D0}.Debug|Any CPU.Build.0 = Debug|Any CPU
		{5E825DA9-22E2-42B6-A5D6-EF33425B16D0}.Debug|Any CPU.Deploy.0 = Debug|Any CPU
		{5E825DA9-22E2-42B6-A5D6-EF33425B16D0}.Release|Any CPU.ActiveCfg = Release|Any CPU
		{5E825DA9-22E2-42B6-A5D6-EF33425B16D0}.Release|Any CPU.Build.0 = Release|Any CPU
		{5E825DA9-22E2-42B6-A5D6-EF33425B16D0}.Release|Any CPU.Deploy.0 = Release|Any CPU
	EndGlobalSection
	GlobalSection(SolutionProperties) = preSolution
		HideSolutionNode = FALSE
	EndGlobalSection
	GlobalSection(ExtensibilityGlobals) = postSolution
		SolutionGuid = {762B214B-3ACC-4C3E-88A2-44D856F1409F}
	EndGlobalSection
EndGlobal
